// !$*UTF8*$!
{
	archiveVersion = 1;
	classes = {
	};
	objectVersion = 46;
	objects = {

/* Begin PBXBuildFile section */
		AF4725788F490A5985806842 /* helloWorldUITests.swift in Sources */ = {isa = PBXBuildFile; fileRef = AF47235A0731DD0274BAF64E /* helloWorldUITests.swift */; };
		AF47262CE044AAC7C5BCD323 /* Assets.xcassets in Resources */ = {isa = PBXBuildFile; fileRef = AF4723DCF5257CAC84E5ECD4 /* Assets.xcassets */; };
		AF47267DC36B6CA1931C11E3 /* helloWorldTests.swift in Sources */ = {isa = PBXBuildFile; fileRef = AF4729A52466BB6C47F7BE4D /* helloWorldTests.swift */; };
		AF47285A075FD3B0F18FAC22 /* LaunchScreen.storyboard in Resources */ = {isa = PBXBuildFile; fileRef = AF47298B459682D781B8F95A /* LaunchScreen.storyboard */; };
		AF472875A62BE7CD8DA8C400 /* ViewController.swift in Sources */ = {isa = PBXBuildFile; fileRef = AF4728E66558EE91F81C4DBE /* ViewController.swift */; };
		AF4728C0F4E4E7F8B44302E6 /* ApperanceProvider.swift in Sources */ = {isa = PBXBuildFile; fileRef = AF4729BBCF09FE93D42A758E /* ApperanceProvider.swift */; };
		AF472B2EBD66086146FE541B /* AppDelegate.swift in Sources */ = {isa = PBXBuildFile; fileRef = AF472AF7F877D86C4AD42B63 /* AppDelegate.swift */; };
		AF472B61C56066D3C9991A04 /* NumbertailGameController.swift in Sources */ = {isa = PBXBuildFile; fileRef = AF4726EC438A84B984BF9FD2 /* NumbertailGameController.swift */; };
		AF472CD16053ADAE4BB1A9AA /* TileView.swift in Sources */ = {isa = PBXBuildFile; fileRef = AF4721C9D9C0419EB092728C /* TileView.swift */; };
		AF472DF168B1AED9F9F9A190 /* ScoreView.swift in Sources */ = {isa = PBXBuildFile; fileRef = AF472496E7531A747F9988A4 /* ScoreView.swift */; };
		AF472E390F02FCF56281071E /* GamebordView.swift in Sources */ = {isa = PBXBuildFile; fileRef = AF472F8E496EF08EE38AC51C /* GamebordView.swift */; };
		AF472FAEB52AAE59DB293BBB /* Main.storyboard in Resources */ = {isa = PBXBuildFile; fileRef = AF47289738892583B66D1910 /* Main.storyboard */; };
/* End PBXBuildFile section */

/* Begin PBXContainerItemProxy section */
		AF47267E113E8E076A8D686A /* PBXContainerItemProxy */ = {
			isa = PBXContainerItemProxy;
			containerPortal = AF47240FB310AE5BDD5E3552 /* Project object */;
			proxyType = 1;
			remoteGlobalIDString = AF4724CC574220524ED53051;
			remoteInfo = helloWorld;
		};
		AF472A738AB184E196DA9A12 /* PBXContainerItemProxy */ = {
			isa = PBXContainerItemProxy;
			containerPortal = AF47240FB310AE5BDD5E3552 /* Project object */;
			proxyType = 1;
			remoteGlobalIDString = AF4724CC574220524ED53051;
			remoteInfo = helloWorld;
		};
/* End PBXContainerItemProxy section */

/* Begin PBXFileReference section */
		AF4721C9D9C0419EB092728C /* TileView.swift */ = {isa = PBXFileReference; fileEncoding = 4; lastKnownFileType = sourcecode.swift; path = TileView.swift; sourceTree = "<group>"; };
		AF472291DBF90045385F704F /* helloWorldUITests.xctest */ = {isa = PBXFileReference; explicitFileType = wrapper.cfbundle; includeInIndex = 0; path = helloWorldUITests.xctest; sourceTree = BUILT_PRODUCTS_DIR; };
		AF47229D152DFEE4676B56E0 /* helloWorld.app */ = {isa = PBXFileReference; explicitFileType = wrapper.application; includeInIndex = 0; path = helloWorld.app; sourceTree = BUILT_PRODUCTS_DIR; };
		AF47235A0731DD0274BAF64E /* helloWorldUITests.swift */ = {isa = PBXFileReference; lastKnownFileType = sourcecode.swift; path = helloWorldUITests.swift; sourceTree = "<group>"; };
		AF4723DCF5257CAC84E5ECD4 /* Assets.xcassets */ = {isa = PBXFileReference; lastKnownFileType = folder.assetcatalog; path = Assets.xcassets; sourceTree = "<group>"; };
		AF472496E7531A747F9988A4 /* ScoreView.swift */ = {isa = PBXFileReference; fileEncoding = 4; lastKnownFileType = sourcecode.swift; path = ScoreView.swift; sourceTree = "<group>"; };
		AF4724AF0A0C8B2E38D44875 /* Info.plist */ = {isa = PBXFileReference; lastKnownFileType = text.plist.info; path = Info.plist; sourceTree = "<group>"; };
		AF4726EC438A84B984BF9FD2 /* NumbertailGameController.swift */ = {isa = PBXFileReference; fileEncoding = 4; lastKnownFileType = sourcecode.swift; path = NumbertailGameController.swift; sourceTree = "<group>"; };
		AF472831D7B15996F04CFB74 /* Base */ = {isa = PBXFileReference; lastKnownFileType = file.storyboard; name = Base; path = Base.lproj/Main.storyboard; sourceTree = "<group>"; };
		AF4728E66558EE91F81C4DBE /* ViewController.swift */ = {isa = PBXFileReference; lastKnownFileType = sourcecode.swift; path = ViewController.swift; sourceTree = "<group>"; };
		AF4729A52466BB6C47F7BE4D /* helloWorldTests.swift */ = {isa = PBXFileReference; lastKnownFileType = sourcecode.swift; path = helloWorldTests.swift; sourceTree = "<group>"; };
		AF4729BBCF09FE93D42A758E /* ApperanceProvider.swift */ = {isa = PBXFileReference; fileEncoding = 4; lastKnownFileType = sourcecode.swift; path = ApperanceProvider.swift; sourceTree = "<group>"; };
		AF472AF7F877D86C4AD42B63 /* AppDelegate.swift */ = {isa = PBXFileReference; lastKnownFileType = sourcecode.swift; path = AppDelegate.swift; sourceTree = "<group>"; };
		AF472C90E79F39C3C7D06B6B /* Info.plist */ = {isa = PBXFileReference; lastKnownFileType = text.plist.info; path = Info.plist; sourceTree = "<group>"; };
		AF472CB63606A809E249396C /* Info.plist */ = {isa = PBXFileReference; lastKnownFileType = text.plist.info; path = Info.plist; sourceTree = "<group>"; };
		AF472CBC2631BD5E0DD1E892 /* Base */ = {isa = PBXFileReference; lastKnownFileType = file.storyboard; name = Base; path = Base.lproj/LaunchScreen.storyboard; sourceTree = "<group>"; };
		AF472F5E734AFE78355056B1 /* helloWorldTests.xctest */ = {isa = PBXFileReference; explicitFileType = wrapper.cfbundle; includeInIndex = 0; path = helloWorldTests.xctest; sourceTree = BUILT_PRODUCTS_DIR; };
		AF472F8E496EF08EE38AC51C /* GamebordView.swift */ = {isa = PBXFileReference; fileEncoding = 4; lastKnownFileType = sourcecode.swift; path = GamebordView.swift; sourceTree = "<group>"; };
/* End PBXFileReference section */

/* Begin PBXFrameworksBuildPhase section */
		AF4722BBCBBBD1B25095A477 /* Frameworks */ = {
			isa = PBXFrameworksBuildPhase;
			buildActionMask = 2147483647;
			files = (
			);
			runOnlyForDeploymentPostprocessing = 0;
		};
		AF47289E7D8E62D7CBFFB1E2 /* Frameworks */ = {
			isa = PBXFrameworksBuildPhase;
			buildActionMask = 2147483647;
			files = (
			);
			runOnlyForDeploymentPostprocessing = 0;
		};
		AF472C0B1E68AF7655759837 /* Frameworks */ = {
			isa = PBXFrameworksBuildPhase;
			buildActionMask = 2147483647;
			files = (
			);
			runOnlyForDeploymentPostprocessing = 0;
		};
/* End PBXFrameworksBuildPhase section */

/* Begin PBXGroup section */
		AF47219FBFD0EB1CEEFC3EDA /* helloWorldUITests */ = {
			isa = PBXGroup;
			children = (
				AF4724AF0A0C8B2E38D44875 /* Info.plist */,
				AF47235A0731DD0274BAF64E /* helloWorldUITests.swift */,
			);
			path = helloWorldUITests;
			sourceTree = "<group>";
		};
		AF4723868CDA9257070F32D8 /* helloWorldTests */ = {
			isa = PBXGroup;
			children = (
				AF472C90E79F39C3C7D06B6B /* Info.plist */,
				AF4729A52466BB6C47F7BE4D /* helloWorldTests.swift */,
			);
			path = helloWorldTests;
			sourceTree = "<group>";
		};
		AF47285E39D0089B3391D24C /* Products */ = {
			isa = PBXGroup;
			children = (
				AF47229D152DFEE4676B56E0 /* helloWorld.app */,
				AF472F5E734AFE78355056B1 /* helloWorldTests.xctest */,
				AF472291DBF90045385F704F /* helloWorldUITests.xctest */,
			);
			name = Products;
			sourceTree = "<group>";
		};
		AF472A7ED70E014A4E9C35BA /* helloWorld */ = {
			isa = PBXGroup;
			children = (
				AF472CB63606A809E249396C /* Info.plist */,
				AF4723DCF5257CAC84E5ECD4 /* Assets.xcassets */,
				AF47298B459682D781B8F95A /* LaunchScreen.storyboard */,
				AF472AF7F877D86C4AD42B63 /* AppDelegate.swift */,
				AF47289738892583B66D1910 /* Main.storyboard */,
				AF4728E66558EE91F81C4DBE /* ViewController.swift */,
				AF4726EC438A84B984BF9FD2 /* NumbertailGameController.swift */,
				AF472F8E496EF08EE38AC51C /* GamebordView.swift */,
				AF472496E7531A747F9988A4 /* ScoreView.swift */,
				AF4721C9D9C0419EB092728C /* TileView.swift */,
				AF4729BBCF09FE93D42A758E /* ApperanceProvider.swift */,
			);
			path = helloWorld;
			sourceTree = "<group>";
		};
		AF472F98419996C743D18055 = {
			isa = PBXGroup;
			children = (
				AF47285E39D0089B3391D24C /* Products */,
				AF472A7ED70E014A4E9C35BA /* helloWorld */,
				AF4723868CDA9257070F32D8 /* helloWorldTests */,
				AF47219FBFD0EB1CEEFC3EDA /* helloWorldUITests */,
			);
			sourceTree = "<group>";
		};
/* End PBXGroup section */

/* Begin PBXNativeTarget section */
		AF4724CC574220524ED53051 /* helloWorld */ = {
			isa = PBXNativeTarget;
			buildConfigurationList = AF4722040E7C2C31EFC4149E /* Build configuration list for PBXNativeTarget "helloWorld" */;
			buildPhases = (
				AF4726FD1A44D80A6F3B896E /* Sources */,
				AF472C0B1E68AF7655759837 /* Frameworks */,
				AF4725824B52715A840CBD4B /* Resources */,
			);
			buildRules = (
			);
			dependencies = (
			);
			name = helloWorld;
			productName = helloWorld;
			productReference = AF47229D152DFEE4676B56E0 /* helloWorld.app */;
			productType = "com.apple.product-type.application";
		};
		AF4725BC5CF7A15D2DC6E841 /* helloWorldUITests */ = {
			isa = PBXNativeTarget;
			buildConfigurationList = AF472F3519D3DE59CCE1454E /* Build configuration list for PBXNativeTarget "helloWorldUITests" */;
			buildPhases = (
				AF472F0E5378D56434D9D1A4 /* Sources */,
				AF4722BBCBBBD1B25095A477 /* Frameworks */,
				AF472CABD5B7850FA1BBCFE9 /* Resources */,
			);
			buildRules = (
			);
			dependencies = (
				AF472DB98DA10B31E83B0606 /* PBXTargetDependency */,
			);
			name = helloWorldUITests;
			productName = helloWorldUITests;
			productReference = AF472291DBF90045385F704F /* helloWorldUITests.xctest */;
			productType = "com.apple.product-type.bundle.ui-testing";
		};
		AF472955FAC6D79C8F0437D5 /* helloWorldTests */ = {
			isa = PBXNativeTarget;
			buildConfigurationList = AF47274D779EECD996E51152 /* Build configuration list for PBXNativeTarget "helloWorldTests" */;
			buildPhases = (
				AF47262FB8EA065D2555C07A /* Sources */,
				AF47289E7D8E62D7CBFFB1E2 /* Frameworks */,
				AF47284D98D2057994A827F4 /* Resources */,
			);
			buildRules = (
			);
			dependencies = (
				AF472E5B0BDD95EF62425FE6 /* PBXTargetDependency */,
			);
			name = helloWorldTests;
			productName = helloWorldTests;
			productReference = AF472F5E734AFE78355056B1 /* helloWorldTests.xctest */;
			productType = "com.apple.product-type.bundle.unit-test";
		};
/* End PBXNativeTarget section */

/* Begin PBXProject section */
		AF47240FB310AE5BDD5E3552 /* Project object */ = {
			isa = PBXProject;
			attributes = {
				ORGANIZATIONNAME = "___FULLUSERNAME___";
			};
			buildConfigurationList = AF47297772BDB7387CB422B5 /* Build configuration list for PBXProject "helloWorld" */;
			compatibilityVersion = "Xcode 3.2";
			developmentRegion = English;
			hasScannedForEncodings = 0;
			knownRegions = (
				en,
			);
			mainGroup = AF472F98419996C743D18055;
			productRefGroup = AF47285E39D0089B3391D24C /* Products */;
			projectDirPath = "";
			projectRoot = "";
			targets = (
				AF4724CC574220524ED53051 /* helloWorld */,
				AF472955FAC6D79C8F0437D5 /* helloWorldTests */,
				AF4725BC5CF7A15D2DC6E841 /* helloWorldUITests */,
			);
		};
/* End PBXProject section */

/* Begin PBXResourcesBuildPhase section */
		AF4725824B52715A840CBD4B /* Resources */ = {
			isa = PBXResourcesBuildPhase;
			buildActionMask = 2147483647;
			files = (
				AF47262CE044AAC7C5BCD323 /* Assets.xcassets in Resources */,
				AF47285A075FD3B0F18FAC22 /* LaunchScreen.storyboard in Resources */,
				AF472FAEB52AAE59DB293BBB /* Main.storyboard in Resources */,
			);
			runOnlyForDeploymentPostprocessing = 0;
		};
		AF47284D98D2057994A827F4 /* Resources */ = {
			isa = PBXResourcesBuildPhase;
			buildActionMask = 2147483647;
			files = (
			);
			runOnlyForDeploymentPostprocessing = 0;
		};
		AF472CABD5B7850FA1BBCFE9 /* Resources */ = {
			isa = PBXResourcesBuildPhase;
			buildActionMask = 2147483647;
			files = (
			);
			runOnlyForDeploymentPostprocessing = 0;
		};
/* End PBXResourcesBuildPhase section */

/* Begin PBXSourcesBuildPhase section */
		AF47262FB8EA065D2555C07A /* Sources */ = {
			isa = PBXSourcesBuildPhase;
			buildActionMask = 2147483647;
			files = (
				AF47267DC36B6CA1931C11E3 /* helloWorldTests.swift in Sources */,
			);
			runOnlyForDeploymentPostprocessing = 0;
		};
		AF4726FD1A44D80A6F3B896E /* Sources */ = {
			isa = PBXSourcesBuildPhase;
			buildActionMask = 2147483647;
			files = (
				AF472B2EBD66086146FE541B /* AppDelegate.swift in Sources */,
				AF472875A62BE7CD8DA8C400 /* ViewController.swift in Sources */,
				AF472B61C56066D3C9991A04 /* NumbertailGameController.swift in Sources */,
				AF472E390F02FCF56281071E /* GamebordView.swift in Sources */,
				AF472DF168B1AED9F9F9A190 /* ScoreView.swift in Sources */,
				AF472CD16053ADAE4BB1A9AA /* TileView.swift in Sources */,
				AF4728C0F4E4E7F8B44302E6 /* ApperanceProvider.swift in Sources */,
			);
			runOnlyForDeploymentPostprocessing = 0;
		};
		AF472F0E5378D56434D9D1A4 /* Sources */ = {
			isa = PBXSourcesBuildPhase;
			buildActionMask = 2147483647;
			files = (
				AF4725788F490A5985806842 /* helloWorldUITests.swift in Sources */,
			);
			runOnlyForDeploymentPostprocessing = 0;
		};
/* End PBXSourcesBuildPhase section */

/* Begin PBXTargetDependency section */
		AF472DB98DA10B31E83B0606 /* PBXTargetDependency */ = {
			isa = PBXTargetDependency;
			target = AF4724CC574220524ED53051 /* helloWorld */;
			targetProxy = AF47267E113E8E076A8D686A /* PBXContainerItemProxy */;
		};
		AF472E5B0BDD95EF62425FE6 /* PBXTargetDependency */ = {
			isa = PBXTargetDependency;
			target = AF4724CC574220524ED53051 /* helloWorld */;
			targetProxy = AF472A738AB184E196DA9A12 /* PBXContainerItemProxy */;
		};
/* End PBXTargetDependency section */

/* Begin PBXVariantGroup section */
		AF47289738892583B66D1910 /* Main.storyboard */ = {
			isa = PBXVariantGroup;
			children = (
				AF472831D7B15996F04CFB74 /* Base */,
			);
			name = Main.storyboard;
			sourceTree = "<group>";
		};
		AF47298B459682D781B8F95A /* LaunchScreen.storyboard */ = {
			isa = PBXVariantGroup;
			children = (
				AF472CBC2631BD5E0DD1E892 /* Base */,
			);
			name = LaunchScreen.storyboard;
			sourceTree = "<group>";
		};
/* End PBXVariantGroup section */

/* Begin XCBuildConfiguration section */
		AF472236E33C23D4A5D56AED /* Release */ = {
			isa = XCBuildConfiguration;
			buildSettings = {
				ALWAYS_SEARCH_USER_PATHS = NO;
				CLANG_ANALYZER_NONNULL = YES;
				CLANG_ANALYZER_NUMBER_OBJECT_CONVERSION = YES_AGGRESSIVE;
				CLANG_CXX_LANGUAGE_STANDARD = "gnu++14";
				CLANG_CXX_LIBRARY = "libc++";
				CLANG_ENABLE_MODULES = YES;
				CLANG_ENABLE_OBJC_ARC = YES;
				CLANG_WARN_BLOCK_CAPTURE_AUTORELEASING = YES;
				CLANG_WARN_BOOL_CONVERSION = YES;
				CLANG_WARN_COMMA = YES;
				CLANG_WARN_CONSTANT_CONVERSION = YES;
				CLANG_WARN_DIRECT_OBJC_ISA_USAGE = YES_ERROR;
				CLANG_WARN_DOCUMENTATION_COMMENTS = YES;
				CLANG_WARN_EMPTY_BODY = YES;
				CLANG_WARN_ENUM_CONVERSION = YES;
				CLANG_WARN_INFINITE_RECURSION = YES;
				CLANG_WARN_INT_CONVERSION = YES;
				CLANG_WARN_NON_LITERAL_NULL_CONVERSION = YES;
				CLANG_WARN_OBJC_LITERAL_CONVERSION = YES;
				CLANG_WARN_OBJC_ROOT_CLASS = YES_ERROR;
				CLANG_WARN_RANGE_LOOP_ANALYSIS = YES;
				CLANG_WARN_STRICT_PROTOTYPES = YES;
				CLANG_WARN_SUSPICIOUS_MOVE = YES;
				CLANG_WARN_UNGUARDED_AVAILABILITY = YES_AGGRESSIVE;
				CLANG_WARN_UNREACHABLE_CODE = YES;
				CLANG_WARN__DUPLICATE_METHOD_MATCH = YES;
				CODE_SIGN_IDENTITY = "iPhone Developer";
				COPY_PHASE_STRIP = NO;
				DEBUG_INFORMATION_FORMAT = "dwarf-with-dsym";
				ENABLE_NS_ASSERTIONS = NO;
				ENABLE_STRICT_OBJC_MSGSEND = YES;
				GCC_C_LANGUAGE_STANDARD = gnu11;
				GCC_NO_COMMON_BLOCKS = YES;
				GCC_WARN_64_TO_32_BIT_CONVERSION = YES;
				GCC_WARN_ABOUT_RETURN_TYPE = YES_ERROR;
				GCC_WARN_UNDECLARED_SELECTOR = YES;
				GCC_WARN_UNINITIALIZED_AUTOS = YES_AGGRESSIVE;
				GCC_WARN_UNUSED_FUNCTION = YES;
				GCC_WARN_UNUSED_VARIABLE = YES;
				IPHONEOS_DEPLOYMENT_TARGET = 11.2;
				MTL_ENABLE_DEBUG_INFO = NO;
				SDKROOT = iphoneos;
				SWIFT_OPTIMIZATION_LEVEL = "-Owholemodule";
				VALIDATE_PRODUCT = YES;
			};
			name = Release;
		};
		AF47223743DA06EAAF638F8B /* Debug */ = {
			isa = XCBuildConfiguration;
			buildSettings = {
				ASSETCATALOG_COMPILER_APPICON_NAME = AppIcon;
				INFOPLIST_FILE = helloWorld/Info.plist;
				LD_RUNPATH_SEARCH_PATHS = "$(inherited) @executable_path/Frameworks";
				PRODUCT_BUNDLE_IDENTIFIER = helloworld.helloWorld;
				PRODUCT_NAME = "$(TARGET_NAME)";
				SWIFT_VERSION = 4.0;
				TARGETED_DEVICE_FAMILY = "1,2";
			};
			name = Debug;
		};
		AF47230B1BCE9F294355C21A /* Release */ = {
			isa = XCBuildConfiguration;
			buildSettings = {
				INFOPLIST_FILE = helloWorldUITests/Info.plist;
				LD_RUNPATH_SEARCH_PATHS = "$(inherited) @executable_path/Frameworks @loader_path/Frameworks";
				PRODUCT_BUNDLE_IDENTIFIER = helloworld.helloWorldUITests;
				PRODUCT_NAME = "$(TARGET_NAME)";
				SWIFT_VERSION = 4.0;
				TARGETED_DEVICE_FAMILY = "1,2";
				TEST_TARGET_NAME = helloWorld;
			};
			name = Release;
		};
		AF47249D120DA61070BD89E8 /* Debug */ = {
			isa = XCBuildConfiguration;
			buildSettings = {
				ALWAYS_SEARCH_USER_PATHS = NO;
				CLANG_ANALYZER_NONNULL = YES;
				CLANG_ANALYZER_NUMBER_OBJECT_CONVERSION = YES_AGGRESSIVE;
				CLANG_CXX_LANGUAGE_STANDARD = "gnu++14";
				CLANG_CXX_LIBRARY = "libc++";
				CLANG_ENABLE_MODULES = YES;
				CLANG_ENABLE_OBJC_ARC = YES;
				CLANG_WARN_BLOCK_CAPTURE_AUTORELEASING = YES;
				CLANG_WARN_BOOL_CONVERSION = YES;
				CLANG_WARN_COMMA = YES;
				CLANG_WARN_CONSTANT_CONVERSION = YES;
				CLANG_WARN_DIRECT_OBJC_ISA_USAGE = YES_ERROR;
				CLANG_WARN_DOCUMENTATION_COMMENTS = YES;
				CLANG_WARN_EMPTY_BODY = YES;
				CLANG_WARN_ENUM_CONVERSION = YES;
				CLANG_WARN_INFINITE_RECURSION = YES;
				CLANG_WARN_INT_CONVERSION = YES;
				CLANG_WARN_NON_LITERAL_NULL_CONVERSION = YES;
				CLANG_WARN_OBJC_LITERAL_CONVERSION = YES;
				CLANG_WARN_OBJC_ROOT_CLASS = YES_ERROR;
				CLANG_WARN_RANGE_LOOP_ANALYSIS = YES;
				CLANG_WARN_STRICT_PROTOTYPES = YES;
				CLANG_WARN_SUSPICIOUS_MOVE = YES;
				CLANG_WARN_UNGUARDED_AVAILABILITY = YES_AGGRESSIVE;
				CLANG_WARN_UNREACHABLE_CODE = YES;
				CLANG_WARN__DUPLICATE_METHOD_MATCH = YES;
				CODE_SIGN_IDENTITY = "iPhone Developer";
				COPY_PHASE_STRIP = NO;
				DEBUG_INFORMATION_FORMAT = dwarf;
				ENABLE_STRICT_OBJC_MSGSEND = YES;
				ENABLE_TESTABILITY = YES;
				GCC_C_LANGUAGE_STANDARD = gnu11;
				GCC_DYNAMIC_NO_PIC = NO;
				GCC_NO_COMMON_BLOCKS = YES;
				GCC_OPTIMIZATION_LEVEL = 0;
				GCC_PREPROCESSOR_DEFINITIONS = (
					"DEBUG=1",
					"$(inherited)",
				);
				GCC_WARN_64_TO_32_BIT_CONVERSION = YES;
				GCC_WARN_ABOUT_RETURN_TYPE = YES_ERROR;
				GCC_WARN_UNDECLARED_SELECTOR = YES;
				GCC_WARN_UNINITIALIZED_AUTOS = YES_AGGRESSIVE;
				GCC_WARN_UNUSED_FUNCTION = YES;
				GCC_WARN_UNUSED_VARIABLE = YES;
				IPHONEOS_DEPLOYMENT_TARGET = 11.2;
				MTL_ENABLE_DEBUG_INFO = YES;
				ONLY_ACTIVE_ARCH = YES;
				SDKROOT = iphoneos;
				SWIFT_ACTIVE_COMPILATION_CONDITIONS = DEBUG;
				SWIFT_OPTIMIZATION_LEVEL = "-Onone";
			};
			name = Debug;
		};
		AF4725B13EA0369BC1CE6264 /* Release */ = {
			isa = XCBuildConfiguration;
			buildSettings = {
				ASSETCATALOG_COMPILER_APPICON_NAME = AppIcon;
				INFOPLIST_FILE = helloWorld/Info.plist;
				LD_RUNPATH_SEARCH_PATHS = "$(inherited) @executable_path/Frameworks";
				PRODUCT_BUNDLE_IDENTIFIER = helloworld.helloWorld;
				PRODUCT_NAME = "$(TARGET_NAME)";
				SWIFT_VERSION = 4.0;
				TARGETED_DEVICE_FAMILY = "1,2";
			};
			name = Release;
		};
		AF4726D227E1287E8477FDF6 /* Debug */ = {
			isa = XCBuildConfiguration;
			buildSettings = {
				BUNDLE_LOADER = "$(BUILT_PRODUCTS_DIR)/helloWorld.app/helloWorld";
				INFOPLIST_FILE = helloWorldTests/Info.plist;
				LD_RUNPATH_SEARCH_PATHS = "$(inherited) @executable_path/Frameworks @loader_path/Frameworks";
				PRODUCT_BUNDLE_IDENTIFIER = helloworld.helloWorldTests;
				PRODUCT_NAME = "$(TARGET_NAME)";
				SWIFT_VERSION = 4.0;
				TARGETED_DEVICE_FAMILY = "1,2";
				TEST_HOST = "$(BUNDLE_LOADER)";
			};
			name = Debug;
		};
		AF472AB910BC7D8C361E682E /* Debug */ = {
			isa = XCBuildConfiguration;
			buildSettings = {
				INFOPLIST_FILE = helloWorldUITests/Info.plist;
				LD_RUNPATH_SEARCH_PATHS = "$(inherited) @executable_path/Frameworks @loader_path/Frameworks";
				PRODUCT_BUNDLE_IDENTIFIER = helloworld.helloWorldUITests;
				PRODUCT_NAME = "$(TARGET_NAME)";
				SWIFT_VERSION = 4.0;
				TARGETED_DEVICE_FAMILY = "1,2";
				TEST_TARGET_NAME = helloWorld;
			};
			name = Debug;
		};
		AF472B34C00AF959218CEE50 /* Release */ = {
			isa = XCBuildConfiguration;
			buildSettings = {
				BUNDLE_LOADER = "$(BUILT_PRODUCTS_DIR)/helloWorld.app/helloWorld";
				INFOPLIST_FILE = helloWorldTests/Info.plist;
				LD_RUNPATH_SEARCH_PATHS = "$(inherited) @executable_path/Frameworks @loader_path/Frameworks";
				PRODUCT_BUNDLE_IDENTIFIER = helloworld.helloWorldTests;
				PRODUCT_NAME = "$(TARGET_NAME)";
				SWIFT_VERSION = 4.0;
				TARGETED_DEVICE_FAMILY = "1,2";
				TEST_HOST = "$(BUNDLE_LOADER)";
			};
			name = Release;
		};
/* End XCBuildConfiguration section */

/* Begin XCConfigurationList section */
		AF4722040E7C2C31EFC4149E /* Build configuration list for PBXNativeTarget "helloWorld" */ = {
			isa = XCConfigurationList;
			buildConfigurations = (
				AF47223743DA06EAAF638F8B /* Debug */,
				AF4725B13EA0369BC1CE6264 /* Release */,
			);
			defaultConfigurationIsVisible = 0;
		};
		AF47274D779EECD996E51152 /* Build configuration list for PBXNativeTarget "helloWorldTests" */ = {
			isa = XCConfigurationList;
			buildConfigurations = (
				AF4726D227E1287E8477FDF6 /* Debug */,
				AF472B34C00AF959218CEE50 /* Release */,
			);
			defaultConfigurationIsVisible = 0;
		};
		AF47297772BDB7387CB422B5 /* Build configuration list for PBXProject "helloWorld" */ = {
			isa = XCConfigurationList;
			buildConfigurations = (
				AF47249D120DA61070BD89E8 /* Debug */,
				AF472236E33C23D4A5D56AED /* Release */,
			);
			defaultConfigurationIsVisible = 0;
			defaultConfigurationName = Release;
		};
		AF472F3519D3DE59CCE1454E /* Build configuration list for PBXNativeTarget "helloWorldUITests" */ = {
			isa = XCConfigurationList;
			buildConfigurations = (
				AF472AB910BC7D8C361E682E /* Debug */,
				AF47230B1BCE9F294355C21A /* Release */,
			);
			defaultConfigurationIsVisible = 0;
		};
/* End XCConfigurationList section */
	};
	rootObject = AF47240FB310AE5BDD5E3552 /* Project object */;
}
